
Microsoft Visual Studio Solution File, Format Version 12.00
# Visual Studio Express 15 for Windows Desktop
VisualStudioVersion = 15.0.27004.2009
MinimumVisualStudioVersion = 10.0.40219.1
Project("{FAE04EC0-301F-11D3-BF4B-00C04F79EFBC}") = "SimpleLocalization", "SimpleLocalization\SimpleLocalization.csproj", "{855DD385-9403-4B69-A686-787CE33D6244}"
EndProject
Global
	GlobalSection(SolutionConfigurationPlatforms) = preSolution
		Debug|Any CPU = Debug|Any CPU
		Release|Any CPU = Release|Any CPU
	EndGlobalSection
	GlobalSection(ProjectConfigurationPlatforms) = postSolution
		{855DD385-9403-4B69-A686-787CE33D6244}.Debug|Any CPU.ActiveCfg = Debug|Any CPU
		{855DD385-9403-4B69-A686-787CE33D6244}.Debug|Any CPU.Build.0 = Debug|Any CPU
		{855DD385-9403-4B69-A686-787CE33D6244}.Release|Any CPU.ActiveCfg = Release|Any CPU
		{855DD385-9403-4B69-A686-787CE33D6244}.Release|Any CPU.Build.0 = Release|Any CPU
	EndGlobalSection
	GlobalSection(SolutionProperties) = preSolution
		HideSolutionNode = FALSE
	EndGlobalSection
	GlobalSection(ExtensibilityGlobals) = postSolution
		SolutionGuid = {429DD38F-142C-434D-8C44-FB6FAFBD6A13}
	EndGlobalSection
EndGlobal
